PODS:
  - Google-Mobile-Ads-SDK (7.14.0)
  - Realm (1.1.0):
    - Realm/Headers (= 1.1.0)
  - Realm/Headers (1.1.0)
  - RealmSwift (1.1.0):
    - Realm (= 1.1.0)
  - SABlurImageView (3.0.0)
  - SCLAlertView (0.7.0)
  - STZPopupView (1.1.0)

DEPENDENCIES:
  - Google-Mobile-Ads-SDK
  - RealmSwift (~> 1.1.0)
  - SABlurImageView (~> 3.0.0)
  - SCLAlertView
  - STZPopupView

SPEC CHECKSUMS:
  Google-Mobile-Ads-SDK: dbb0211c52ca02f72331b831ce4ccd218cf08748
  Realm: ceecf1a4540c4ce9efe196fe73fa9855bce05bd8
  RealmSwift: 838058b2db95b12cb86bd0cf209df642c33fb60a
  SABlurImageView: 7003ca28ded502c984846374a117f88a287d9faf
  SCLAlertView: 8a14ffc40590c619e183eed2298b854385f30be1
  STZPopupView: 31be448e6c6acb292e8f882006ff8498b54050d3

COCOAPODS: 0.39.0
