// !$*UTF8*$!
{
	archiveVersion = 1;
	classes = {
	};
	objectVersion = 46;
	objects = {

/* Begin PBXBuildFile section */
		7465D3EB3486E71CBEF14EBA /* Pods_RunningCrabCamera.framework in Frameworks */ = {isa = PBXBuildFile; fileRef = 5AC5AE24EA01B9CD7B040644 /* Pods_RunningCrabCamera.framework */; };
		9A4D8D481D991D8A0023FB9F /* ColorManager.swift in Sources */ = {isa = PBXBuildFile; fileRef = 9A4D8D471D991D8A0023FB9F /* ColorManager.swift */; };
		9A4D8D671D9969150023FB9F /* changeCamera2.png in Resources */ = {isa = PBXBuildFile; fileRef = 9A4D8D601D9969150023FB9F /* changeCamera2.png */; };
		9A4D8D681D9969150023FB9F /* crab2.png in Resources */ = {isa = PBXBuildFile; fileRef = 9A4D8D611D9969150023FB9F /* crab2.png */; };
		9A4D8D691D9969150023FB9F /* crabs2.png in Resources */ = {isa = PBXBuildFile; fileRef = 9A4D8D621D9969150023FB9F /* crabs2.png */; };
		9A4D8D6A1D9969150023FB9F /* haikei2.jpg in Resources */ = {isa = PBXBuildFile; fileRef = 9A4D8D631D9969150023FB9F /* haikei2.jpg */; };
		9A4D8D6B1D9969150023FB9F /* hand2.png in Resources */ = {isa = PBXBuildFile; fileRef = 9A4D8D641D9969150023FB9F /* hand2.png */; };
		9A4D8D6C1D9969150023FB9F /* shutterBtn2.png in Resources */ = {isa = PBXBuildFile; fileRef = 9A4D8D651D9969150023FB9F /* shutterBtn2.png */; };
		9A4D8D6D1D9969150023FB9F /* startBtn2.png in Resources */ = {isa = PBXBuildFile; fileRef = 9A4D8D661D9969150023FB9F /* startBtn2.png */; };
		9A4D8D6F1D9969320023FB9F /* share2.png in Resources */ = {isa = PBXBuildFile; fileRef = 9A4D8D6E1D9969320023FB9F /* share2.png */; };
		9A4D8DAF1D996FDF0023FB9F /* ic_launcher.png in Resources */ = {isa = PBXBuildFile; fileRef = 9A4D8D731D996FDF0023FB9F /* ic_launcher.png */; };
		9A4D8DB01D996FDF0023FB9F /* ic_launcher.png in Resources */ = {isa = PBXBuildFile; fileRef = 9A4D8D751D996FDF0023FB9F /* ic_launcher.png */; };
		9A4D8DB11D996FDF0023FB9F /* ic_launcher.png in Resources */ = {isa = PBXBuildFile; fileRef = 9A4D8D771D996FDF0023FB9F /* ic_launcher.png */; };
		9A4D8DB21D996FDF0023FB9F /* ic_launcher.png in Resources */ = {isa = PBXBuildFile; fileRef = 9A4D8D791D996FDF0023FB9F /* ic_launcher.png */; };
		9A4D8DB31D996FDF0023FB9F /* ic_launcher.png in Resources */ = {isa = PBXBuildFile; fileRef = 9A4D8D7B1D996FDF0023FB9F /* ic_launcher.png */; };
		9A4D8DB41D996FDF0023FB9F /* ic_launcher.png in Resources */ = {isa = PBXBuildFile; fileRef = 9A4D8D7D1D996FDF0023FB9F /* ic_launcher.png */; };
		9A4D8DB51D996FDF0023FB9F /* playstore-icon.png in Resources */ = {isa = PBXBuildFile; fileRef = 9A4D8D7E1D996FDF0023FB9F /* playstore-icon.png */; };
		9A4D8DB61D996FDF0023FB9F /* icon-messages-app-27x20@1x.png in Resources */ = {isa = PBXBuildFile; fileRef = 9A4D8D801D996FDF0023FB9F /* icon-messages-app-27x20@1x.png */; };
		9A4D8DB71D996FDF0023FB9F /* icon-messages-app-27x20@2x.png in Resources */ = {isa = PBXBuildFile; fileRef = 9A4D8D811D996FDF0023FB9F /* icon-messages-app-27x20@2x.png */; };
		9A4D8DB81D996FDF0023FB9F /* icon-messages-app-27x20@3x.png in Resources */ = {isa = PBXBuildFile; fileRef = 9A4D8D821D996FDF0023FB9F /* icon-messages-app-27x20@3x.png */; };
		9A4D8DB91D996FDF0023FB9F /* icon-messages-app-iPadAir-67x50@2x.png in Resources */ = {isa = PBXBuildFile; fileRef = 9A4D8D831D996FDF0023FB9F /* icon-messages-app-iPadAir-67x50@2x.png */; };
		9A4D8DBA1D996FDF0023FB9F /* icon-messages-app-iPadAir-74x55@2x.png in Resources */ = {isa = PBXBuildFile; fileRef = 9A4D8D841D996FDF0023FB9F /* icon-messages-app-iPadAir-74x55@2x.png */; };
		9A4D8DBB1D996FDF0023FB9F /* icon-messages-app-iPhone-60x45@1x.png in Resources */ = {isa = PBXBuildFile; fileRef = 9A4D8D851D996FDF0023FB9F /* icon-messages-app-iPhone-60x45@1x.png */; };
		9A4D8DBC1D996FDF0023FB9F /* icon-messages-app-iPhone-60x45@2x.png in Resources */ = {isa = PBXBuildFile; fileRef = 9A4D8D861D996FDF0023FB9F /* icon-messages-app-iPhone-60x45@2x.png */; };
		9A4D8DBD1D996FDF0023FB9F /* icon-messages-app-iPhone-60x45@3x.png in Resources */ = {isa = PBXBuildFile; fileRef = 9A4D8D871D996FDF0023FB9F /* icon-messages-app-iPhone-60x45@3x.png */; };
		9A4D8DBE1D996FDF0023FB9F /* icon-messages-app-store-1024x768.png in Resources */ = {isa = PBXBuildFile; fileRef = 9A4D8D881D996FDF0023FB9F /* icon-messages-app-store-1024x768.png */; };
		9A4D8DBF1D996FDF0023FB9F /* icon-messages-transcript-32x24@1x.png in Resources */ = {isa = PBXBuildFile; fileRef = 9A4D8D891D996FDF0023FB9F /* icon-messages-transcript-32x24@1x.png */; };
		9A4D8DC01D996FDF0023FB9F /* icon-messages-transcript-32x24@2x.png in Resources */ = {isa = PBXBuildFile; fileRef = 9A4D8D8A1D996FDF0023FB9F /* icon-messages-transcript-32x24@2x.png */; };
		9A4D8DC11D996FDF0023FB9F /* icon-messages-transcript-32x24@3x.png in Resources */ = {isa = PBXBuildFile; fileRef = 9A4D8D8B1D996FDF0023FB9F /* icon-messages-transcript-32x24@3x.png */; };
		9A4D8DC21D996FDF0023FB9F /* Contents.json in Resources */ = {isa = PBXBuildFile; fileRef = 9A4D8D8E1D996FDF0023FB9F /* Contents.json */; };
		9A4D8DC31D996FDF0023FB9F /* Icon-App-20x20@1x.png in Resources */ = {isa = PBXBuildFile; fileRef = 9A4D8D8F1D996FDF0023FB9F /* Icon-App-20x20@1x.png */; };
		9A4D8DC41D996FDF0023FB9F /* Icon-App-20x20@2x.png in Resources */ = {isa = PBXBuildFile; fileRef = 9A4D8D901D996FDF0023FB9F /* Icon-App-20x20@2x.png */; };
		9A4D8DC51D996FDF0023FB9F /* Icon-App-20x20@3x.png in Resources */ = {isa = PBXBuildFile; fileRef = 9A4D8D911D996FDF0023FB9F /* Icon-App-20x20@3x.png */; };
		9A4D8DC61D996FDF0023FB9F /* Icon-App-29x29@1x.png in Resources */ = {isa = PBXBuildFile; fileRef = 9A4D8D921D996FDF0023FB9F /* Icon-App-29x29@1x.png */; };
		9A4D8DC71D996FDF0023FB9F /* Icon-App-29x29@2x.png in Resources */ = {isa = PBXBuildFile; fileRef = 9A4D8D931D996FDF0023FB9F /* Icon-App-29x29@2x.png */; };
		9A4D8DC81D996FDF0023FB9F /* Icon-App-29x29@3x.png in Resources */ = {isa = PBXBuildFile; fileRef = 9A4D8D941D996FDF0023FB9F /* Icon-App-29x29@3x.png */; };
		9A4D8DC91D996FDF0023FB9F /* Icon-App-40x40@1x.png in Resources */ = {isa = PBXBuildFile; fileRef = 9A4D8D951D996FDF0023FB9F /* Icon-App-40x40@1x.png */; };
		9A4D8DCA1D996FDF0023FB9F /* Icon-App-40x40@2x.png in Resources */ = {isa = PBXBuildFile; fileRef = 9A4D8D961D996FDF0023FB9F /* Icon-App-40x40@2x.png */; };
		9A4D8DCB1D996FDF0023FB9F /* Icon-App-40x40@3x.png in Resources */ = {isa = PBXBuildFile; fileRef = 9A4D8D971D996FDF0023FB9F /* Icon-App-40x40@3x.png */; };
		9A4D8DCC1D996FDF0023FB9F /* Icon-App-57x57@1x.png in Resources */ = {isa = PBXBuildFile; fileRef = 9A4D8D981D996FDF0023FB9F /* Icon-App-57x57@1x.png */; };
		9A4D8DCD1D996FDF0023FB9F /* Icon-App-60x60@1x.png in Resources */ = {isa = PBXBuildFile; fileRef = 9A4D8D991D996FDF0023FB9F /* Icon-App-60x60@1x.png */; };
		9A4D8DCE1D996FDF0023FB9F /* Icon-App-60x60@2x.png in Resources */ = {isa = PBXBuildFile; fileRef = 9A4D8D9A1D996FDF0023FB9F /* Icon-App-60x60@2x.png */; };
		9A4D8DCF1D996FDF0023FB9F /* Icon-App-60x60@3x.png in Resources */ = {isa = PBXBuildFile; fileRef = 9A4D8D9B1D996FDF0023FB9F /* Icon-App-60x60@3x.png */; };
		9A4D8DD01D996FDF0023FB9F /* Icon-App-76x76@1x.png in Resources */ = {isa = PBXBuildFile; fileRef = 9A4D8D9C1D996FDF0023FB9F /* Icon-App-76x76@1x.png */; };
		9A4D8DD11D996FDF0023FB9F /* Icon-App-76x76@2x.png in Resources */ = {isa = PBXBuildFile; fileRef = 9A4D8D9D1D996FDF0023FB9F /* Icon-App-76x76@2x.png */; };
		9A4D8DD21D996FDF0023FB9F /* Icon-App-76x76@3x.png in Resources */ = {isa = PBXBuildFile; fileRef = 9A4D8D9E1D996FDF0023FB9F /* Icon-App-76x76@3x.png */; };
		9A4D8DD31D996FDF0023FB9F /* Icon-App-83.5x83.5@2x.png in Resources */ = {isa = PBXBuildFile; fileRef = 9A4D8D9F1D996FDF0023FB9F /* Icon-App-83.5x83.5@2x.png */; };
		9A4D8DD41D996FDF0023FB9F /* iTunesArtwork@1x.png in Resources */ = {isa = PBXBuildFile; fileRef = 9A4D8DA01D996FDF0023FB9F /* iTunesArtwork@1x.png */; };
		9A4D8DD51D996FDF0023FB9F /* iTunesArtwork@2x.png in Resources */ = {isa = PBXBuildFile; fileRef = 9A4D8DA11D996FDF0023FB9F /* iTunesArtwork@2x.png */; };
		9A4D8DD61D996FDF0023FB9F /* iTunesArtwork@3x.png in Resources */ = {isa = PBXBuildFile; fileRef = 9A4D8DA21D996FDF0023FB9F /* iTunesArtwork@3x.png */; };
		9A4D8DD71D996FDF0023FB9F /* README.md in Sources */ = {isa = PBXBuildFile; fileRef = 9A4D8DA31D996FDF0023FB9F /* README.md */; };
		9A4D8DD81D996FDF0023FB9F /* Contents.json in Resources */ = {isa = PBXBuildFile; fileRef = 9A4D8DA61D996FDF0023FB9F /* Contents.json */; };
		9A4D8DD91D996FDF0023FB9F /* Icon-24@2x.png in Resources */ = {isa = PBXBuildFile; fileRef = 9A4D8DA71D996FDF0023FB9F /* Icon-24@2x.png */; };
		9A4D8DDA1D996FDF0023FB9F /* Icon-27.5@2x.png in Resources */ = {isa = PBXBuildFile; fileRef = 9A4D8DA81D996FDF0023FB9F /* Icon-27.5@2x.png */; };
		9A4D8DDB1D996FDF0023FB9F /* Icon-29@2x.png in Resources */ = {isa = PBXBuildFile; fileRef = 9A4D8DA91D996FDF0023FB9F /* Icon-29@2x.png */; };
		9A4D8DDC1D996FDF0023FB9F /* Icon-29@3x.png in Resources */ = {isa = PBXBuildFile; fileRef = 9A4D8DAA1D996FDF0023FB9F /* Icon-29@3x.png */; };
		9A4D8DDD1D996FDF0023FB9F /* Icon-40@2x.png in Resources */ = {isa = PBXBuildFile; fileRef = 9A4D8DAB1D996FDF0023FB9F /* Icon-40@2x.png */; };
		9A4D8DDE1D996FDF0023FB9F /* Icon-44@2x.png in Resources */ = {isa = PBXBuildFile; fileRef = 9A4D8DAC1D996FDF0023FB9F /* Icon-44@2x.png */; };
		9A4D8DDF1D996FDF0023FB9F /* Icon-86@2x.png in Resources */ = {isa = PBXBuildFile; fileRef = 9A4D8DAD1D996FDF0023FB9F /* Icon-86@2x.png */; };
		9A4D8DE01D996FDF0023FB9F /* Icon-98@2x.png in Resources */ = {isa = PBXBuildFile; fileRef = 9A4D8DAE1D996FDF0023FB9F /* Icon-98@2x.png */; };
		9A768EDC1D8CE946007964F9 /* Health.swift in Sources */ = {isa = PBXBuildFile; fileRef = 9A768EDB1D8CE946007964F9 /* Health.swift */; };
		9A768EE01D8CE961007964F9 /* HealthKit.framework in Frameworks */ = {isa = PBXBuildFile; fileRef = 9A768EDF1D8CE961007964F9 /* HealthKit.framework */; };
		9A768EE31D8CEDC1007964F9 /* CameraViewController.swift in Sources */ = {isa = PBXBuildFile; fileRef = 9A768EE21D8CEDC1007964F9 /* CameraViewController.swift */; };
		9A768EE51D8D864D007964F9 /* StampViewController.swift in Sources */ = {isa = PBXBuildFile; fileRef = 9A768EE41D8D864D007964F9 /* StampViewController.swift */; };
		9A768EE71D8D873D007964F9 /* logo.png in Resources */ = {isa = PBXBuildFile; fileRef = 9A768EE61D8D873D007964F9 /* logo.png */; };
		9A768EE91D8D8A3B007964F9 /* ShareActivity.swift in Sources */ = {isa = PBXBuildFile; fileRef = 9A768EE81D8D8A3B007964F9 /* ShareActivity.swift */; };
		9AA6E3D91D8F90D50079F6EF /* ViewManager.swift in Sources */ = {isa = PBXBuildFile; fileRef = 9AA6E3D81D8F90D50079F6EF /* ViewManager.swift */; };
		9AA6E3DF1D8F945E0079F6EF /* LockView.swift in Sources */ = {isa = PBXBuildFile; fileRef = 9AA6E3DE1D8F945E0079F6EF /* LockView.swift */; };
		9AA6E3E11D8F946B0079F6EF /* LockView.xib in Resources */ = {isa = PBXBuildFile; fileRef = 9AA6E3E01D8F946B0079F6EF /* LockView.xib */; };
		9AA6E3E31D8F9D9E0079F6EF /* StampView.xib in Resources */ = {isa = PBXBuildFile; fileRef = 9AA6E3E21D8F9D9E0079F6EF /* StampView.xib */; };
		9AA6E3E51D8F9DAC0079F6EF /* StampView.swift in Sources */ = {isa = PBXBuildFile; fileRef = 9AA6E3E41D8F9DAC0079F6EF /* StampView.swift */; };
		9AA6E3E71D8F9E8D0079F6EF /* club.png in Resources */ = {isa = PBXBuildFile; fileRef = 9AA6E3E61D8F9E8D0079F6EF /* club.png */; };
		9AD14B771D96447C00F76B90 /* PhotoCell.swift in Sources */ = {isa = PBXBuildFile; fileRef = 9AD14B751D96447C00F76B90 /* PhotoCell.swift */; };
		9AD14B781D96447C00F76B90 /* PhotoCell.xib in Resources */ = {isa = PBXBuildFile; fileRef = 9AD14B761D96447C00F76B90 /* PhotoCell.xib */; };
		9AD14B7A1D964C2700F76B90 /* PopUpPhotoView.swift in Sources */ = {isa = PBXBuildFile; fileRef = 9AD14B791D964C2700F76B90 /* PopUpPhotoView.swift */; };
		9AD14B7C1D964C4300F76B90 /* PopUpPhotoView.xib in Resources */ = {isa = PBXBuildFile; fileRef = 9AD14B7B1D964C4300F76B90 /* PopUpPhotoView.xib */; };
		9AD14B7E1D96587600F76B90 /* PhotoObject.swift in Sources */ = {isa = PBXBuildFile; fileRef = 9AD14B7D1D96587600F76B90 /* PhotoObject.swift */; };
		9AD14B811D965A4700F76B90 /* RealmMigration.swift in Sources */ = {isa = PBXBuildFile; fileRef = 9AD14B801D965A4700F76B90 /* RealmMigration.swift */; };
		9AD14B841D96766E00F76B90 /* DateUtils.swift in Sources */ = {isa = PBXBuildFile; fileRef = 9AD14B831D96766E00F76B90 /* DateUtils.swift */; };
		9AD81C391D8BA149008534FA /* AppDelegate.swift in Sources */ = {isa = PBXBuildFile; fileRef = 9AD81C381D8BA149008534FA /* AppDelegate.swift */; };
		9AD81C3B1D8BA149008534FA /* StartViewController.swift in Sources */ = {isa = PBXBuildFile; fileRef = 9AD81C3A1D8BA149008534FA /* StartViewController.swift */; };
		9AD81C3E1D8BA149008534FA /* Main.storyboard in Resources */ = {isa = PBXBuildFile; fileRef = 9AD81C3C1D8BA149008534FA /* Main.storyboard */; };
		9AD81C401D8BA149008534FA /* Assets.xcassets in Resources */ = {isa = PBXBuildFile; fileRef = 9AD81C3F1D8BA149008534FA /* Assets.xcassets */; };
		9AD81C431D8BA149008534FA /* LaunchScreen.storyboard in Resources */ = {isa = PBXBuildFile; fileRef = 9AD81C411D8BA149008534FA /* LaunchScreen.storyboard */; };
		9AD81C4E1D8BA149008534FA /* RunningCrabCameraTests.swift in Sources */ = {isa = PBXBuildFile; fileRef = 9AD81C4D1D8BA149008534FA /* RunningCrabCameraTests.swift */; };
		9AD81C591D8BA149008534FA /* RunningCrabCameraUITests.swift in Sources */ = {isa = PBXBuildFile; fileRef = 9AD81C581D8BA149008534FA /* RunningCrabCameraUITests.swift */; };
		9AD81C671D8C2CBA008534FA /* Run.swift in Sources */ = {isa = PBXBuildFile; fileRef = 9AD81C661D8C2CBA008534FA /* Run.swift */; };
		9AE79E581D940FA4007E5F0B /* AlbumViewController.swift in Sources */ = {isa = PBXBuildFile; fileRef = 9AE79E571D940FA4007E5F0B /* AlbumViewController.swift */; };
/* End PBXBuildFile section */

/* Begin PBXContainerItemProxy section */
		9AD81C4A1D8BA149008534FA /* PBXContainerItemProxy */ = {
			isa = PBXContainerItemProxy;
			containerPortal = 9AD81C2D1D8BA149008534FA /* Project object */;
			proxyType = 1;
			remoteGlobalIDString = 9AD81C341D8BA149008534FA;
			remoteInfo = RunningCrabCamera;
		};
		9AD81C551D8BA149008534FA /* PBXContainerItemProxy */ = {
			isa = PBXContainerItemProxy;
			containerPortal = 9AD81C2D1D8BA149008534FA /* Project object */;
			proxyType = 1;
			remoteGlobalIDString = 9AD81C341D8BA149008534FA;
			remoteInfo = RunningCrabCamera;
		};
/* End PBXContainerItemProxy section */

/* Begin PBXFileReference section */
		4343314A13456D94526BF826 /* Pods-RunningCrabCamera.debug.xcconfig */ = {isa = PBXFileReference; includeInIndex = 1; lastKnownFileType = text.xcconfig; name = "Pods-RunningCrabCamera.debug.xcconfig"; path = "Pods/Target Support Files/Pods-RunningCrabCamera/Pods-RunningCrabCamera.debug.xcconfig"; sourceTree = "<group>"; };
		45643D17D82929A765E34431 /* Pods-RunningCrabCamera.release.xcconfig */ = {isa = PBXFileReference; includeInIndex = 1; lastKnownFileType = text.xcconfig; name = "Pods-RunningCrabCamera.release.xcconfig"; path = "Pods/Target Support Files/Pods-RunningCrabCamera/Pods-RunningCrabCamera.release.xcconfig"; sourceTree = "<group>"; };
		5AC5AE24EA01B9CD7B040644 /* Pods_RunningCrabCamera.framework */ = {isa = PBXFileReference; explicitFileType = wrapper.framework; includeInIndex = 0; path = Pods_RunningCrabCamera.framework; sourceTree = BUILT_PRODUCTS_DIR; };
		9A4D8D471D991D8A0023FB9F /* ColorManager.swift */ = {isa = PBXFileReference; fileEncoding = 4; lastKnownFileType = sourcecode.swift; path = ColorManager.swift; sourceTree = "<group>"; };
		9A4D8D601D9969150023FB9F /* changeCamera2.png */ = {isa = PBXFileReference; lastKnownFileType = image.png; path = changeCamera2.png; sourceTree = "<group>"; };
		9A4D8D611D9969150023FB9F /* crab2.png */ = {isa = PBXFileReference; lastKnownFileType = image.png; path = crab2.png; sourceTree = "<group>"; };
		9A4D8D621D9969150023FB9F /* crabs2.png */ = {isa = PBXFileReference; lastKnownFileType = image.png; path = crabs2.png; sourceTree = "<group>"; };
		9A4D8D631D9969150023FB9F /* haikei2.jpg */ = {isa = PBXFileReference; lastKnownFileType = image.jpeg; path = haikei2.jpg; sourceTree = "<group>"; };
		9A4D8D641D9969150023FB9F /* hand2.png */ = {isa = PBXFileReference; lastKnownFileType = image.png; path = hand2.png; sourceTree = "<group>"; };
		9A4D8D651D9969150023FB9F /* shutterBtn2.png */ = {isa = PBXFileReference; lastKnownFileType = image.png; path = shutterBtn2.png; sourceTree = "<group>"; };
		9A4D8D661D9969150023FB9F /* startBtn2.png */ = {isa = PBXFileReference; lastKnownFileType = image.png; path = startBtn2.png; sourceTree = "<group>"; };
		9A4D8D6E1D9969320023FB9F /* share2.png */ = {isa = PBXFileReference; lastKnownFileType = image.png; path = share2.png; sourceTree = "<group>"; };
		9A4D8D731D996FDF0023FB9F /* ic_launcher.png */ = {isa = PBXFileReference; lastKnownFileType = image.png; path = ic_launcher.png; sourceTree = "<group>"; };
		9A4D8D751D996FDF0023FB9F /* ic_launcher.png */ = {isa = PBXFileReference; lastKnownFileType = image.png; path = ic_launcher.png; sourceTree = "<group>"; };
		9A4D8D771D996FDF0023FB9F /* ic_launcher.png */ = {isa = PBXFileReference; lastKnownFileType = image.png; path = ic_launcher.png; sourceTree = "<group>"; };
		9A4D8D791D996FDF0023FB9F /* ic_launcher.png */ = {isa = PBXFileReference; lastKnownFileType = image.png; path = ic_launcher.png; sourceTree = "<group>"; };
		9A4D8D7B1D996FDF0023FB9F /* ic_launcher.png */ = {isa = PBXFileReference; lastKnownFileType = image.png; path = ic_launcher.png; sourceTree = "<group>"; };
		9A4D8D7D1D996FDF0023FB9F /* ic_launcher.png */ = {isa = PBXFileReference; lastKnownFileType = image.png; path = ic_launcher.png; sourceTree = "<group>"; };
		9A4D8D7E1D996FDF0023FB9F /* playstore-icon.png */ = {isa = PBXFileReference; lastKnownFileType = image.png; path = "playstore-icon.png"; sourceTree = "<group>"; };
		9A4D8D801D996FDF0023FB9F /* icon-messages-app-27x20@1x.png */ = {isa = PBXFileReference; lastKnownFileType = image.png; path = "icon-messages-app-27x20@1x.png"; sourceTree = "<group>"; };
		9A4D8D811D996FDF0023FB9F /* icon-messages-app-27x20@2x.png */ = {isa = PBXFileReference; lastKnownFileType = image.png; path = "icon-messages-app-27x20@2x.png"; sourceTree = "<group>"; };
		9A4D8D821D996FDF0023FB9F /* icon-messages-app-27x20@3x.png */ = {isa = PBXFileReference; lastKnownFileType = image.png; path = "icon-messages-app-27x20@3x.png"; sourceTree = "<group>"; };
		9A4D8D831D996FDF0023FB9F /* icon-messages-app-iPadAir-67x50@2x.png */ = {isa = PBXFileReference; lastKnownFileType = image.png; path = "icon-messages-app-iPadAir-67x50@2x.png"; sourceTree = "<group>"; };
		9A4D8D841D996FDF0023FB9F /* icon-messages-app-iPadAir-74x55@2x.png */ = {isa = PBXFileReference; lastKnownFileType = image.png; path = "icon-messages-app-iPadAir-74x55@2x.png"; sourceTree = "<group>"; };
		9A4D8D851D996FDF0023FB9F /* icon-messages-app-iPhone-60x45@1x.png */ = {isa = PBXFileReference; lastKnownFileType = image.png; path = "icon-messages-app-iPhone-60x45@1x.png"; sourceTree = "<group>"; };
		9A4D8D861D996FDF0023FB9F /* icon-messages-app-iPhone-60x45@2x.png */ = {isa = PBXFileReference; lastKnownFileType = image.png; path = "icon-messages-app-iPhone-60x45@2x.png"; sourceTree = "<group>"; };
		9A4D8D871D996FDF0023FB9F /* icon-messages-app-iPhone-60x45@3x.png */ = {isa = PBXFileReference; lastKnownFileType = image.png; path = "icon-messages-app-iPhone-60x45@3x.png"; sourceTree = "<group>"; };
		9A4D8D881D996FDF0023FB9F /* icon-messages-app-store-1024x768.png */ = {isa = PBXFileReference; lastKnownFileType = image.png; path = "icon-messages-app-store-1024x768.png"; sourceTree = "<group>"; };
		9A4D8D891D996FDF0023FB9F /* icon-messages-transcript-32x24@1x.png */ = {isa = PBXFileReference; lastKnownFileType = image.png; path = "icon-messages-transcript-32x24@1x.png"; sourceTree = "<group>"; };
		9A4D8D8A1D996FDF0023FB9F /* icon-messages-transcript-32x24@2x.png */ = {isa = PBXFileReference; lastKnownFileType = image.png; path = "icon-messages-transcript-32x24@2x.png"; sourceTree = "<group>"; };
		9A4D8D8B1D996FDF0023FB9F /* icon-messages-transcript-32x24@3x.png */ = {isa = PBXFileReference; lastKnownFileType = image.png; path = "icon-messages-transcript-32x24@3x.png"; sourceTree = "<group>"; };
		9A4D8D8E1D996FDF0023FB9F /* Contents.json */ = {isa = PBXFileReference; fileEncoding = 4; lastKnownFileType = text.json; path = Contents.json; sourceTree = "<group>"; };
		9A4D8D8F1D996FDF0023FB9F /* Icon-App-20x20@1x.png */ = {isa = PBXFileReference; lastKnownFileType = image.png; path = "Icon-App-20x20@1x.png"; sourceTree = "<group>"; };
		9A4D8D901D996FDF0023FB9F /* Icon-App-20x20@2x.png */ = {isa = PBXFileReference; lastKnownFileType = image.png; path = "Icon-App-20x20@2x.png"; sourceTree = "<group>"; };
		9A4D8D911D996FDF0023FB9F /* Icon-App-20x20@3x.png */ = {isa = PBXFileReference; lastKnownFileType = image.png; path = "Icon-App-20x20@3x.png"; sourceTree = "<group>"; };
		9A4D8D921D996FDF0023FB9F /* Icon-App-29x29@1x.png */ = {isa = PBXFileReference; lastKnownFileType = image.png; path = "Icon-App-29x29@1x.png"; sourceTree = "<group>"; };
		9A4D8D931D996FDF0023FB9F /* Icon-App-29x29@2x.png */ = {isa = PBXFileReference; lastKnownFileType = image.png; path = "Icon-App-29x29@2x.png"; sourceTree = "<group>"; };
		9A4D8D941D996FDF0023FB9F /* Icon-App-29x29@3x.png */ = {isa = PBXFileReference; lastKnownFileType = image.png; path = "Icon-App-29x29@3x.png"; sourceTree = "<group>"; };
		9A4D8D951D996FDF0023FB9F /* Icon-App-40x40@1x.png */ = {isa = PBXFileReference; lastKnownFileType = image.png; path = "Icon-App-40x40@1x.png"; sourceTree = "<group>"; };
		9A4D8D961D996FDF0023FB9F /* Icon-App-40x40@2x.png */ = {isa = PBXFileReference; lastKnownFileType = image.png; path = "Icon-App-40x40@2x.png"; sourceTree = "<group>"; };
		9A4D8D971D996FDF0023FB9F /* Icon-App-40x40@3x.png */ = {isa = PBXFileReference; lastKnownFileType = image.png; path = "Icon-App-40x40@3x.png"; sourceTree = "<group>"; };
		9A4D8D981D996FDF0023FB9F /* Icon-App-57x57@1x.png */ = {isa = PBXFileReference; lastKnownFileType = image.png; path = "Icon-App-57x57@1x.png"; sourceTree = "<group>"; };
		9A4D8D991D996FDF0023FB9F /* Icon-App-60x60@1x.png */ = {isa = PBXFileReference; lastKnownFileType = image.png; path = "Icon-App-60x60@1x.png"; sourceTree = "<group>"; };
		9A4D8D9A1D996FDF0023FB9F /* Icon-App-60x60@2x.png */ = {isa = PBXFileReference; lastKnownFileType = image.png; path = "Icon-App-60x60@2x.png"; sourceTree = "<group>"; };
		9A4D8D9B1D996FDF0023FB9F /* Icon-App-60x60@3x.png */ = {isa = PBXFileReference; lastKnownFileType = image.png; path = "Icon-App-60x60@3x.png"; sourceTree = "<group>"; };
		9A4D8D9C1D996FDF0023FB9F /* Icon-App-76x76@1x.png */ = {isa = PBXFileReference; lastKnownFileType = image.png; path = "Icon-App-76x76@1x.png"; sourceTree = "<group>"; };
		9A4D8D9D1D996FDF0023FB9F /* Icon-App-76x76@2x.png */ = {isa = PBXFileReference; lastKnownFileType = image.png; path = "Icon-App-76x76@2x.png"; sourceTree = "<group>"; };
		9A4D8D9E1D996FDF0023FB9F /* Icon-App-76x76@3x.png */ = {isa = PBXFileReference; lastKnownFileType = image.png; path = "Icon-App-76x76@3x.png"; sourceTree = "<group>"; };
		9A4D8D9F1D996FDF0023FB9F /* Icon-App-83.5x83.5@2x.png */ = {isa = PBXFileReference; lastKnownFileType = image.png; path = "Icon-App-83.5x83.5@2x.png"; sourceTree = "<group>"; };
		9A4D8DA01D996FDF0023FB9F /* iTunesArtwork@1x.png */ = {isa = PBXFileReference; lastKnownFileType = image.png; path = "iTunesArtwork@1x.png"; sourceTree = "<group>"; };
		9A4D8DA11D996FDF0023FB9F /* iTunesArtwork@2x.png */ = {isa = PBXFileReference; lastKnownFileType = image.png; path = "iTunesArtwork@2x.png"; sourceTree = "<group>"; };
		9A4D8DA21D996FDF0023FB9F /* iTunesArtwork@3x.png */ = {isa = PBXFileReference; lastKnownFileType = image.png; path = "iTunesArtwork@3x.png"; sourceTree = "<group>"; };
		9A4D8DA31D996FDF0023FB9F /* README.md */ = {isa = PBXFileReference; fileEncoding = 4; lastKnownFileType = net.daringfireball.markdown; path = README.md; sourceTree = "<group>"; };
		9A4D8DA61D996FDF0023FB9F /* Contents.json */ = {isa = PBXFileReference; fileEncoding = 4; lastKnownFileType = text.json; path = Contents.json; sourceTree = "<group>"; };
		9A4D8DA71D996FDF0023FB9F /* Icon-24@2x.png */ = {isa = PBXFileReference; lastKnownFileType = image.png; path = "Icon-24@2x.png"; sourceTree = "<group>"; };
		9A4D8DA81D996FDF0023FB9F /* Icon-27.5@2x.png */ = {isa = PBXFileReference; lastKnownFileType = image.png; path = "Icon-27.5@2x.png"; sourceTree = "<group>"; };
		9A4D8DA91D996FDF0023FB9F /* Icon-29@2x.png */ = {isa = PBXFileReference; lastKnownFileType = image.png; path = "Icon-29@2x.png"; sourceTree = "<group>"; };
		9A4D8DAA1D996FDF0023FB9F /* Icon-29@3x.png */ = {isa = PBXFileReference; lastKnownFileType = image.png; path = "Icon-29@3x.png"; sourceTree = "<group>"; };
		9A4D8DAB1D996FDF0023FB9F /* Icon-40@2x.png */ = {isa = PBXFileReference; lastKnownFileType = image.png; path = "Icon-40@2x.png"; sourceTree = "<group>"; };
		9A4D8DAC1D996FDF0023FB9F /* Icon-44@2x.png */ = {isa = PBXFileReference; lastKnownFileType = image.png; path = "Icon-44@2x.png"; sourceTree = "<group>"; };
		9A4D8DAD1D996FDF0023FB9F /* Icon-86@2x.png */ = {isa = PBXFileReference; lastKnownFileType = image.png; path = "Icon-86@2x.png"; sourceTree = "<group>"; };
		9A4D8DAE1D996FDF0023FB9F /* Icon-98@2x.png */ = {isa = PBXFileReference; lastKnownFileType = image.png; path = "Icon-98@2x.png"; sourceTree = "<group>"; };
		9A768EDB1D8CE946007964F9 /* Health.swift */ = {isa = PBXFileReference; fileEncoding = 4; lastKnownFileType = sourcecode.swift; path = Health.swift; sourceTree = "<group>"; };
		9A768EDE1D8CE960007964F9 /* RunningCrabCamera.entitlements */ = {isa = PBXFileReference; lastKnownFileType = text.xml; path = RunningCrabCamera.entitlements; sourceTree = "<group>"; };
		9A768EDF1D8CE961007964F9 /* HealthKit.framework */ = {isa = PBXFileReference; lastKnownFileType = wrapper.framework; name = HealthKit.framework; path = System/Library/Frameworks/HealthKit.framework; sourceTree = SDKROOT; };
		9A768EE21D8CEDC1007964F9 /* CameraViewController.swift */ = {isa = PBXFileReference; fileEncoding = 4; lastKnownFileType = sourcecode.swift; path = CameraViewController.swift; sourceTree = "<group>"; };
		9A768EE41D8D864D007964F9 /* StampViewController.swift */ = {isa = PBXFileReference; fileEncoding = 4; lastKnownFileType = sourcecode.swift; path = StampViewController.swift; sourceTree = "<group>"; };
		9A768EE61D8D873D007964F9 /* logo.png */ = {isa = PBXFileReference; lastKnownFileType = image.png; path = logo.png; sourceTree = "<group>"; };
		9A768EE81D8D8A3B007964F9 /* ShareActivity.swift */ = {isa = PBXFileReference; fileEncoding = 4; lastKnownFileType = sourcecode.swift; path = ShareActivity.swift; sourceTree = "<group>"; };
		9AA6E3D81D8F90D50079F6EF /* ViewManager.swift */ = {isa = PBXFileReference; fileEncoding = 4; lastKnownFileType = sourcecode.swift; path = ViewManager.swift; sourceTree = "<group>"; };
		9AA6E3DE1D8F945E0079F6EF /* LockView.swift */ = {isa = PBXFileReference; fileEncoding = 4; lastKnownFileType = sourcecode.swift; path = LockView.swift; sourceTree = "<group>"; };
		9AA6E3E01D8F946B0079F6EF /* LockView.xib */ = {isa = PBXFileReference; fileEncoding = 4; lastKnownFileType = file.xib; path = LockView.xib; sourceTree = "<group>"; };
		9AA6E3E21D8F9D9E0079F6EF /* StampView.xib */ = {isa = PBXFileReference; fileEncoding = 4; lastKnownFileType = file.xib; path = StampView.xib; sourceTree = "<group>"; };
		9AA6E3E41D8F9DAC0079F6EF /* StampView.swift */ = {isa = PBXFileReference; fileEncoding = 4; lastKnownFileType = sourcecode.swift; path = StampView.swift; sourceTree = "<group>"; };
		9AA6E3E61D8F9E8D0079F6EF /* club.png */ = {isa = PBXFileReference; lastKnownFileType = image.png; path = club.png; sourceTree = "<group>"; };
		9AD14B751D96447C00F76B90 /* PhotoCell.swift */ = {isa = PBXFileReference; fileEncoding = 4; lastKnownFileType = sourcecode.swift; path = PhotoCell.swift; sourceTree = "<group>"; };
		9AD14B761D96447C00F76B90 /* PhotoCell.xib */ = {isa = PBXFileReference; fileEncoding = 4; lastKnownFileType = file.xib; path = PhotoCell.xib; sourceTree = "<group>"; };
		9AD14B791D964C2700F76B90 /* PopUpPhotoView.swift */ = {isa = PBXFileReference; fileEncoding = 4; lastKnownFileType = sourcecode.swift; path = PopUpPhotoView.swift; sourceTree = "<group>"; };
		9AD14B7B1D964C4300F76B90 /* PopUpPhotoView.xib */ = {isa = PBXFileReference; fileEncoding = 4; lastKnownFileType = file.xib; path = PopUpPhotoView.xib; sourceTree = "<group>"; };
		9AD14B7D1D96587600F76B90 /* PhotoObject.swift */ = {isa = PBXFileReference; fileEncoding = 4; lastKnownFileType = sourcecode.swift; path = PhotoObject.swift; sourceTree = "<group>"; };
		9AD14B801D965A4700F76B90 /* RealmMigration.swift */ = {isa = PBXFileReference; fileEncoding = 4; lastKnownFileType = sourcecode.swift; path = RealmMigration.swift; sourceTree = "<group>"; };
		9AD14B831D96766E00F76B90 /* DateUtils.swift */ = {isa = PBXFileReference; fileEncoding = 4; lastKnownFileType = sourcecode.swift; path = DateUtils.swift; sourceTree = "<group>"; };
		9AD81C351D8BA149008534FA /* RunningCrabCamera.app */ = {isa = PBXFileReference; explicitFileType = wrapper.application; includeInIndex = 0; path = RunningCrabCamera.app; sourceTree = BUILT_PRODUCTS_DIR; };
		9AD81C381D8BA149008534FA /* AppDelegate.swift */ = {isa = PBXFileReference; lastKnownFileType = sourcecode.swift; path = AppDelegate.swift; sourceTree = "<group>"; };
		9AD81C3A1D8BA149008534FA /* StartViewController.swift */ = {isa = PBXFileReference; lastKnownFileType = sourcecode.swift; path = StartViewController.swift; sourceTree = "<group>"; };
		9AD81C3D1D8BA149008534FA /* Base */ = {isa = PBXFileReference; lastKnownFileType = file.storyboard; name = Base; path = Base.lproj/Main.storyboard; sourceTree = "<group>"; };
		9AD81C3F1D8BA149008534FA /* Assets.xcassets */ = {isa = PBXFileReference; lastKnownFileType = folder.assetcatalog; path = Assets.xcassets; sourceTree = "<group>"; };
		9AD81C421D8BA149008534FA /* Base */ = {isa = PBXFileReference; lastKnownFileType = file.storyboard; name = Base; path = Base.lproj/LaunchScreen.storyboard; sourceTree = "<group>"; };
		9AD81C441D8BA149008534FA /* Info.plist */ = {isa = PBXFileReference; lastKnownFileType = text.plist.xml; path = Info.plist; sourceTree = "<group>"; };
		9AD81C491D8BA149008534FA /* RunningCrabCameraTests.xctest */ = {isa = PBXFileReference; explicitFileType = wrapper.cfbundle; includeInIndex = 0; path = RunningCrabCameraTests.xctest; sourceTree = BUILT_PRODUCTS_DIR; };
		9AD81C4D1D8BA149008534FA /* RunningCrabCameraTests.swift */ = {isa = PBXFileReference; lastKnownFileType = sourcecode.swift; path = RunningCrabCameraTests.swift; sourceTree = "<group>"; };
		9AD81C4F1D8BA149008534FA /* Info.plist */ = {isa = PBXFileReference; lastKnownFileType = text.plist.xml; path = Info.plist; sourceTree = "<group>"; };
		9AD81C541D8BA149008534FA /* RunningCrabCameraUITests.xctest */ = {isa = PBXFileReference; explicitFileType = wrapper.cfbundle; includeInIndex = 0; path = RunningCrabCameraUITests.xctest; sourceTree = BUILT_PRODUCTS_DIR; };
		9AD81C581D8BA149008534FA /* RunningCrabCameraUITests.swift */ = {isa = PBXFileReference; lastKnownFileType = sourcecode.swift; path = RunningCrabCameraUITests.swift; sourceTree = "<group>"; };
		9AD81C5A1D8BA14A008534FA /* Info.plist */ = {isa = PBXFileReference; lastKnownFileType = text.plist.xml; path = Info.plist; sourceTree = "<group>"; };
		9AD81C661D8C2CBA008534FA /* Run.swift */ = {isa = PBXFileReference; fileEncoding = 4; lastKnownFileType = sourcecode.swift; path = Run.swift; sourceTree = "<group>"; };
		9AE79E571D940FA4007E5F0B /* AlbumViewController.swift */ = {isa = PBXFileReference; fileEncoding = 4; lastKnownFileType = sourcecode.swift; path = AlbumViewController.swift; sourceTree = "<group>"; };
/* End PBXFileReference section */

/* Begin PBXFrameworksBuildPhase section */
		9AD81C321D8BA149008534FA /* Frameworks */ = {
			isa = PBXFrameworksBuildPhase;
			buildActionMask = 2147483647;
			files = (
				9A768EE01D8CE961007964F9 /* HealthKit.framework in Frameworks */,
				7465D3EB3486E71CBEF14EBA /* Pods_RunningCrabCamera.framework in Frameworks */,
			);
			runOnlyForDeploymentPostprocessing = 0;
		};
		9AD81C461D8BA149008534FA /* Frameworks */ = {
			isa = PBXFrameworksBuildPhase;
			buildActionMask = 2147483647;
			files = (
			);
			runOnlyForDeploymentPostprocessing = 0;
		};
		9AD81C511D8BA149008534FA /* Frameworks */ = {
			isa = PBXFrameworksBuildPhase;
			buildActionMask = 2147483647;
			files = (
			);
			runOnlyForDeploymentPostprocessing = 0;
		};
/* End PBXFrameworksBuildPhase section */

/* Begin PBXGroup section */
		060C5B84135A3CD463D80237 /* Frameworks */ = {
			isa = PBXGroup;
			children = (
				5AC5AE24EA01B9CD7B040644 /* Pods_RunningCrabCamera.framework */,
			);
			name = Frameworks;
			sourceTree = "<group>";
		};
		9A4D8D701D996FDF0023FB9F /* Icon */ = {
			isa = PBXGroup;
			children = (
				9A4D8D711D996FDF0023FB9F /* android */,
				9A4D8D7F1D996FDF0023FB9F /* imessenger */,
				9A4D8D8C1D996FDF0023FB9F /* ios */,
				9A4D8DA41D996FDF0023FB9F /* watchkit */,
			);
			path = Icon;
			sourceTree = "<group>";
		};
		9A4D8D711D996FDF0023FB9F /* android */ = {
			isa = PBXGroup;
			children = (
				9A4D8D721D996FDF0023FB9F /* mipmap-hdpi */,
				9A4D8D741D996FDF0023FB9F /* mipmap-ldpi */,
				9A4D8D761D996FDF0023FB9F /* mipmap-mdpi */,
				9A4D8D781D996FDF0023FB9F /* mipmap-xhdpi */,
				9A4D8D7A1D996FDF0023FB9F /* mipmap-xxhdpi */,
				9A4D8D7C1D996FDF0023FB9F /* mipmap-xxxhdpi */,
				9A4D8D7E1D996FDF0023FB9F /* playstore-icon.png */,
			);
			path = android;
			sourceTree = "<group>";
		};
		9A4D8D721D996FDF0023FB9F /* mipmap-hdpi */ = {
			isa = PBXGroup;
			children = (
				9A4D8D731D996FDF0023FB9F /* ic_launcher.png */,
			);
			path = "mipmap-hdpi";
			sourceTree = "<group>";
		};
		9A4D8D741D996FDF0023FB9F /* mipmap-ldpi */ = {
			isa = PBXGroup;
			children = (
				9A4D8D751D996FDF0023FB9F /* ic_launcher.png */,
			);
			path = "mipmap-ldpi";
			sourceTree = "<group>";
		};
		9A4D8D761D996FDF0023FB9F /* mipmap-mdpi */ = {
			isa = PBXGroup;
			children = (
				9A4D8D771D996FDF0023FB9F /* ic_launcher.png */,
			);
			path = "mipmap-mdpi";
			sourceTree = "<group>";
		};
		9A4D8D781D996FDF0023FB9F /* mipmap-xhdpi */ = {
			isa = PBXGroup;
			children = (
				9A4D8D791D996FDF0023FB9F /* ic_launcher.png */,
			);
			path = "mipmap-xhdpi";
			sourceTree = "<group>";
		};
		9A4D8D7A1D996FDF0023FB9F /* mipmap-xxhdpi */ = {
			isa = PBXGroup;
			children = (
				9A4D8D7B1D996FDF0023FB9F /* ic_launcher.png */,
			);
			path = "mipmap-xxhdpi";
			sourceTree = "<group>";
		};
		9A4D8D7C1D996FDF0023FB9F /* mipmap-xxxhdpi */ = {
			isa = PBXGroup;
			children = (
				9A4D8D7D1D996FDF0023FB9F /* ic_launcher.png */,
			);
			path = "mipmap-xxxhdpi";
			sourceTree = "<group>";
		};
		9A4D8D7F1D996FDF0023FB9F /* imessenger */ = {
			isa = PBXGroup;
			children = (
				9A4D8D801D996FDF0023FB9F /* icon-messages-app-27x20@1x.png */,
				9A4D8D811D996FDF0023FB9F /* icon-messages-app-27x20@2x.png */,
				9A4D8D821D996FDF0023FB9F /* icon-messages-app-27x20@3x.png */,
				9A4D8D831D996FDF0023FB9F /* icon-messages-app-iPadAir-67x50@2x.png */,
				9A4D8D841D996FDF0023FB9F /* icon-messages-app-iPadAir-74x55@2x.png */,
				9A4D8D851D996FDF0023FB9F /* icon-messages-app-iPhone-60x45@1x.png */,
				9A4D8D861D996FDF0023FB9F /* icon-messages-app-iPhone-60x45@2x.png */,
				9A4D8D871D996FDF0023FB9F /* icon-messages-app-iPhone-60x45@3x.png */,
				9A4D8D881D996FDF0023FB9F /* icon-messages-app-store-1024x768.png */,
				9A4D8D891D996FDF0023FB9F /* icon-messages-transcript-32x24@1x.png */,
				9A4D8D8A1D996FDF0023FB9F /* icon-messages-transcript-32x24@2x.png */,
				9A4D8D8B1D996FDF0023FB9F /* icon-messages-transcript-32x24@3x.png */,
			);
			path = imessenger;
			sourceTree = "<group>";
		};
		9A4D8D8C1D996FDF0023FB9F /* ios */ = {
			isa = PBXGroup;
			children = (
				9A4D8D8D1D996FDF0023FB9F /* AppIcon.appiconset */,
				9A4D8DA01D996FDF0023FB9F /* iTunesArtwork@1x.png */,
				9A4D8DA11D996FDF0023FB9F /* iTunesArtwork@2x.png */,
				9A4D8DA21D996FDF0023FB9F /* iTunesArtwork@3x.png */,
				9A4D8DA31D996FDF0023FB9F /* README.md */,
			);
			path = ios;
			sourceTree = "<group>";
		};
		9A4D8D8D1D996FDF0023FB9F /* AppIcon.appiconset */ = {
			isa = PBXGroup;
			children = (
				9A4D8D8E1D996FDF0023FB9F /* Contents.json */,
				9A4D8D8F1D996FDF0023FB9F /* Icon-App-20x20@1x.png */,
				9A4D8D901D996FDF0023FB9F /* Icon-App-20x20@2x.png */,
				9A4D8D911D996FDF0023FB9F /* Icon-App-20x20@3x.png */,
				9A4D8D921D996FDF0023FB9F /* Icon-App-29x29@1x.png */,
				9A4D8D931D996FDF0023FB9F /* Icon-App-29x29@2x.png */,
				9A4D8D941D996FDF0023FB9F /* Icon-App-29x29@3x.png */,
				9A4D8D951D996FDF0023FB9F /* Icon-App-40x40@1x.png */,
				9A4D8D961D996FDF0023FB9F /* Icon-App-40x40@2x.png */,
				9A4D8D971D996FDF0023FB9F /* Icon-App-40x40@3x.png */,
				9A4D8D981D996FDF0023FB9F /* Icon-App-57x57@1x.png */,
				9A4D8D991D996FDF0023FB9F /* Icon-App-60x60@1x.png */,
				9A4D8D9A1D996FDF0023FB9F /* Icon-App-60x60@2x.png */,
				9A4D8D9B1D996FDF0023FB9F /* Icon-App-60x60@3x.png */,
				9A4D8D9C1D996FDF0023FB9F /* Icon-App-76x76@1x.png */,
				9A4D8D9D1D996FDF0023FB9F /* Icon-App-76x76@2x.png */,
				9A4D8D9E1D996FDF0023FB9F /* Icon-App-76x76@3x.png */,
				9A4D8D9F1D996FDF0023FB9F /* Icon-App-83.5x83.5@2x.png */,
			);
			path = AppIcon.appiconset;
			sourceTree = "<group>";
		};
		9A4D8DA41D996FDF0023FB9F /* watchkit */ = {
			isa = PBXGroup;
			children = (
				9A4D8DA51D996FDF0023FB9F /* AppIcon.appiconset */,
			);
			path = watchkit;
			sourceTree = "<group>";
		};
		9A4D8DA51D996FDF0023FB9F /* AppIcon.appiconset */ = {
			isa = PBXGroup;
			children = (
				9A4D8DA61D996FDF0023FB9F /* Contents.json */,
				9A4D8DA71D996FDF0023FB9F /* Icon-24@2x.png */,
				9A4D8DA81D996FDF0023FB9F /* Icon-27.5@2x.png */,
				9A4D8DA91D996FDF0023FB9F /* Icon-29@2x.png */,
				9A4D8DAA1D996FDF0023FB9F /* Icon-29@3x.png */,
				9A4D8DAB1D996FDF0023FB9F /* Icon-40@2x.png */,
				9A4D8DAC1D996FDF0023FB9F /* Icon-44@2x.png */,
				9A4D8DAD1D996FDF0023FB9F /* Icon-86@2x.png */,
				9A4D8DAE1D996FDF0023FB9F /* Icon-98@2x.png */,
			);
			path = AppIcon.appiconset;
			sourceTree = "<group>";
		};
		9A768EDD1D8CE94E007964F9 /* Models */ = {
			isa = PBXGroup;
			children = (
				9AD14B7F1D96587D00F76B90 /* Realm */,
				9AD81C661D8C2CBA008534FA /* Run.swift */,
				9A768EDB1D8CE946007964F9 /* Health.swift */,
			);
			name = Models;
			sourceTree = "<group>";
		};
		9A768EE11D8CE966007964F9 /* Resources */ = {
			isa = PBXGroup;
			children = (
				9A4D8D701D996FDF0023FB9F /* Icon */,
				9A4D8D601D9969150023FB9F /* changeCamera2.png */,
				9A4D8D611D9969150023FB9F /* crab2.png */,
				9A4D8D621D9969150023FB9F /* crabs2.png */,
				9A4D8D631D9969150023FB9F /* haikei2.jpg */,
				9A4D8D641D9969150023FB9F /* hand2.png */,
				9A4D8D651D9969150023FB9F /* shutterBtn2.png */,
				9A4D8D661D9969150023FB9F /* startBtn2.png */,
				9A4D8D6E1D9969320023FB9F /* share2.png */,
				9AA6E3E61D8F9E8D0079F6EF /* club.png */,
				9A768EE61D8D873D007964F9 /* logo.png */,
				9A768EDE1D8CE960007964F9 /* RunningCrabCamera.entitlements */,
			);
			name = Resources;
			sourceTree = "<group>";
		};
		9AA6E3DC1D8F93E50079F6EF /* Controllers */ = {
			isa = PBXGroup;
			children = (
				9AD81C3A1D8BA149008534FA /* StartViewController.swift */,
				9A768EE21D8CEDC1007964F9 /* CameraViewController.swift */,
				9A768EE41D8D864D007964F9 /* StampViewController.swift */,
				9AE79E571D940FA4007E5F0B /* AlbumViewController.swift */,
			);
			name = Controllers;
			sourceTree = "<group>";
		};
		9AA6E3DD1D8F93F60079F6EF /* Views */ = {
			isa = PBXGroup;
			children = (
				9AA6E3DE1D8F945E0079F6EF /* LockView.swift */,
				9AA6E3E01D8F946B0079F6EF /* LockView.xib */,
				9AA6E3E41D8F9DAC0079F6EF /* StampView.swift */,
				9AA6E3E21D8F9D9E0079F6EF /* StampView.xib */,
				9AD14B751D96447C00F76B90 /* PhotoCell.swift */,
				9AD14B761D96447C00F76B90 /* PhotoCell.xib */,
				9AD14B791D964C2700F76B90 /* PopUpPhotoView.swift */,
				9AD14B7B1D964C4300F76B90 /* PopUpPhotoView.xib */,
			);
			name = Views;
			sourceTree = "<group>";
		};
		9AD14B7F1D96587D00F76B90 /* Realm */ = {
			isa = PBXGroup;
			children = (
				9AD14B7D1D96587600F76B90 /* PhotoObject.swift */,
				9AD14B801D965A4700F76B90 /* RealmMigration.swift */,
			);
			name = Realm;
			sourceTree = "<group>";
		};
		9AD14B821D96764B00F76B90 /* Utils */ = {
			isa = PBXGroup;
			children = (
				9A768EE81D8D8A3B007964F9 /* ShareActivity.swift */,
				9AA6E3D81D8F90D50079F6EF /* ViewManager.swift */,
				9AD14B831D96766E00F76B90 /* DateUtils.swift */,
				9A4D8D471D991D8A0023FB9F /* ColorManager.swift */,
			);
			name = Utils;
			sourceTree = "<group>";
		};
		9AD81C2C1D8BA149008534FA = {
			isa = PBXGroup;
			children = (
				9A768EDF1D8CE961007964F9 /* HealthKit.framework */,
				9AD81C371D8BA149008534FA /* RunningCrabCamera */,
				9AD81C571D8BA149008534FA /* RunningCrabCameraUITests */,
				9AD81C361D8BA149008534FA /* Products */,
				BE805F4E6646462265B09D92 /* Pods */,
				060C5B84135A3CD463D80237 /* Frameworks */,
			);
			sourceTree = "<group>";
		};
		9AD81C361D8BA149008534FA /* Products */ = {
			isa = PBXGroup;
			children = (
				9AD81C351D8BA149008534FA /* RunningCrabCamera.app */,
				9AD81C491D8BA149008534FA /* RunningCrabCameraTests.xctest */,
				9AD81C541D8BA149008534FA /* RunningCrabCameraUITests.xctest */,
			);
			name = Products;
			sourceTree = "<group>";
		};
		9AD81C371D8BA149008534FA /* RunningCrabCamera */ = {
			isa = PBXGroup;
			children = (
				9AD81C381D8BA149008534FA /* AppDelegate.swift */,
				9AD14B821D96764B00F76B90 /* Utils */,
				9A768EDD1D8CE94E007964F9 /* Models */,
				9AA6E3DC1D8F93E50079F6EF /* Controllers */,
				9AA6E3DD1D8F93F60079F6EF /* Views */,
				9A768EE11D8CE966007964F9 /* Resources */,
				9AD81C3C1D8BA149008534FA /* Main.storyboard */,
				9AD81C3F1D8BA149008534FA /* Assets.xcassets */,
				9AD81C411D8BA149008534FA /* LaunchScreen.storyboard */,
				9AD81C441D8BA149008534FA /* Info.plist */,
				9AD81C4C1D8BA149008534FA /* RunningCrabCameraTests */,
			);
			path = RunningCrabCamera;
			sourceTree = "<group>";
		};
		9AD81C4C1D8BA149008534FA /* RunningCrabCameraTests */ = {
			isa = PBXGroup;
			children = (
				9AD81C4D1D8BA149008534FA /* RunningCrabCameraTests.swift */,
				9AD81C4F1D8BA149008534FA /* Info.plist */,
			);
			path = RunningCrabCameraTests;
			sourceTree = SOURCE_ROOT;
		};
		9AD81C571D8BA149008534FA /* RunningCrabCameraUITests */ = {
			isa = PBXGroup;
			children = (
				9AD81C581D8BA149008534FA /* RunningCrabCameraUITests.swift */,
				9AD81C5A1D8BA14A008534FA /* Info.plist */,
			);
			path = RunningCrabCameraUITests;
			sourceTree = "<group>";
		};
		BE805F4E6646462265B09D92 /* Pods */ = {
			isa = PBXGroup;
			children = (
				4343314A13456D94526BF826 /* Pods-RunningCrabCamera.debug.xcconfig */,
				45643D17D82929A765E34431 /* Pods-RunningCrabCamera.release.xcconfig */,
			);
			name = Pods;
			sourceTree = "<group>";
		};
/* End PBXGroup section */

/* Begin PBXNativeTarget section */
		9AD81C341D8BA149008534FA /* RunningCrabCamera */ = {
			isa = PBXNativeTarget;
			buildConfigurationList = 9AD81C5D1D8BA14A008534FA /* Build configuration list for PBXNativeTarget "RunningCrabCamera" */;
			buildPhases = (
				7C1C80873FB90AFB414EEA37 /* Check Pods Manifest.lock */,
				9AD81C311D8BA149008534FA /* Sources */,
				9AD81C321D8BA149008534FA /* Frameworks */,
				9AD81C331D8BA149008534FA /* Resources */,
				0E538423C5F54941462C5851 /* Embed Pods Frameworks */,
				9AC516E19C96F5F6231C4F38 /* Copy Pods Resources */,
			);
			buildRules = (
			);
			dependencies = (
			);
			name = RunningCrabCamera;
			productName = RunningCrabCamera;
			productReference = 9AD81C351D8BA149008534FA /* RunningCrabCamera.app */;
			productType = "com.apple.product-type.application";
		};
		9AD81C481D8BA149008534FA /* RunningCrabCameraTests */ = {
			isa = PBXNativeTarget;
			buildConfigurationList = 9AD81C601D8BA14A008534FA /* Build configuration list for PBXNativeTarget "RunningCrabCameraTests" */;
			buildPhases = (
				9AD81C451D8BA149008534FA /* Sources */,
				9AD81C461D8BA149008534FA /* Frameworks */,
				9AD81C471D8BA149008534FA /* Resources */,
			);
			buildRules = (
			);
			dependencies = (
				9AD81C4B1D8BA149008534FA /* PBXTargetDependency */,
			);
			name = RunningCrabCameraTests;
			productName = RunningCrabCameraTests;
			productReference = 9AD81C491D8BA149008534FA /* RunningCrabCameraTests.xctest */;
			productType = "com.apple.product-type.bundle.unit-test";
		};
		9AD81C531D8BA149008534FA /* RunningCrabCameraUITests */ = {
			isa = PBXNativeTarget;
			buildConfigurationList = 9AD81C631D8BA14A008534FA /* Build configuration list for PBXNativeTarget "RunningCrabCameraUITests" */;
			buildPhases = (
				9AD81C501D8BA149008534FA /* Sources */,
				9AD81C511D8BA149008534FA /* Frameworks */,
				9AD81C521D8BA149008534FA /* Resources */,
			);
			buildRules = (
			);
			dependencies = (
				9AD81C561D8BA149008534FA /* PBXTargetDependency */,
			);
			name = RunningCrabCameraUITests;
			productName = RunningCrabCameraUITests;
			productReference = 9AD81C541D8BA149008534FA /* RunningCrabCameraUITests.xctest */;
			productType = "com.apple.product-type.bundle.ui-testing";
		};
/* End PBXNativeTarget section */

/* Begin PBXProject section */
		9AD81C2D1D8BA149008534FA /* Project object */ = {
			isa = PBXProject;
			attributes = {
				LastSwiftUpdateCheck = 0730;
				LastUpgradeCheck = 0730;
				ORGANIZATIONNAME = "Riku Arakawa";
				TargetAttributes = {
					9AD81C341D8BA149008534FA = {
						CreatedOnToolsVersion = 7.3.1;
						DevelopmentTeam = CWP9ZU9T8Z;
						SystemCapabilities = {
							com.apple.HealthKit = {
								enabled = 1;
							};
						};
					};
					9AD81C481D8BA149008534FA = {
						CreatedOnToolsVersion = 7.3.1;
						TestTargetID = 9AD81C341D8BA149008534FA;
					};
					9AD81C531D8BA149008534FA = {
						CreatedOnToolsVersion = 7.3.1;
						TestTargetID = 9AD81C341D8BA149008534FA;
					};
				};
			};
			buildConfigurationList = 9AD81C301D8BA149008534FA /* Build configuration list for PBXProject "RunningCrabCamera" */;
			compatibilityVersion = "Xcode 3.2";
			developmentRegion = English;
			hasScannedForEncodings = 0;
			knownRegions = (
				en,
				Base,
			);
			mainGroup = 9AD81C2C1D8BA149008534FA;
			productRefGroup = 9AD81C361D8BA149008534FA /* Products */;
			projectDirPath = "";
			projectRoot = "";
			targets = (
				9AD81C341D8BA149008534FA /* RunningCrabCamera */,
				9AD81C481D8BA149008534FA /* RunningCrabCameraTests */,
				9AD81C531D8BA149008534FA /* RunningCrabCameraUITests */,
			);
		};
/* End PBXProject section */

/* Begin PBXResourcesBuildPhase section */
		9AD81C331D8BA149008534FA /* Resources */ = {
			isa = PBXResourcesBuildPhase;
			buildActionMask = 2147483647;
			files = (
				9AD14B781D96447C00F76B90 /* PhotoCell.xib in Resources */,
				9A4D8DB91D996FDF0023FB9F /* icon-messages-app-iPadAir-67x50@2x.png in Resources */,
				9A4D8DC21D996FDF0023FB9F /* Contents.json in Resources */,
				9A4D8DC51D996FDF0023FB9F /* Icon-App-20x20@3x.png in Resources */,
				9A4D8DAF1D996FDF0023FB9F /* ic_launcher.png in Resources */,
				9A4D8DD21D996FDF0023FB9F /* Icon-App-76x76@3x.png in Resources */,
				9A4D8DDB1D996FDF0023FB9F /* Icon-29@2x.png in Resources */,
				9A4D8DC91D996FDF0023FB9F /* Icon-App-40x40@1x.png in Resources */,
				9A4D8DBD1D996FDF0023FB9F /* icon-messages-app-iPhone-60x45@3x.png in Resources */,
				9A4D8DDE1D996FDF0023FB9F /* Icon-44@2x.png in Resources */,
				9A4D8DC31D996FDF0023FB9F /* Icon-App-20x20@1x.png in Resources */,
				9A4D8DDF1D996FDF0023FB9F /* Icon-86@2x.png in Resources */,
				9A4D8D6B1D9969150023FB9F /* hand2.png in Resources */,
				9A4D8DD31D996FDF0023FB9F /* Icon-App-83.5x83.5@2x.png in Resources */,
				9A4D8DD81D996FDF0023FB9F /* Contents.json in Resources */,
				9A4D8DCD1D996FDF0023FB9F /* Icon-App-60x60@1x.png in Resources */,
				9A4D8DCE1D996FDF0023FB9F /* Icon-App-60x60@2x.png in Resources */,
				9A4D8DD61D996FDF0023FB9F /* iTunesArtwork@3x.png in Resources */,
				9A4D8DCF1D996FDF0023FB9F /* Icon-App-60x60@3x.png in Resources */,
				9A4D8DC71D996FDF0023FB9F /* Icon-App-29x29@2x.png in Resources */,
				9AA6E3E31D8F9D9E0079F6EF /* StampView.xib in Resources */,
				9A4D8DBC1D996FDF0023FB9F /* icon-messages-app-iPhone-60x45@2x.png in Resources */,
				9A4D8D691D9969150023FB9F /* crabs2.png in Resources */,
				9A4D8DB01D996FDF0023FB9F /* ic_launcher.png in Resources */,
				9A4D8DB51D996FDF0023FB9F /* playstore-icon.png in Resources */,
				9A4D8DD91D996FDF0023FB9F /* Icon-24@2x.png in Resources */,
				9A4D8DCA1D996FDF0023FB9F /* Icon-App-40x40@2x.png in Resources */,
				9A4D8DD41D996FDF0023FB9F /* iTunesArtwork@1x.png in Resources */,
				9A4D8DC01D996FDF0023FB9F /* icon-messages-transcript-32x24@2x.png in Resources */,
				9A4D8D6D1D9969150023FB9F /* startBtn2.png in Resources */,
				9A4D8DC11D996FDF0023FB9F /* icon-messages-transcript-32x24@3x.png in Resources */,
				9A4D8DBE1D996FDF0023FB9F /* icon-messages-app-store-1024x768.png in Resources */,
				9A4D8DB31D996FDF0023FB9F /* ic_launcher.png in Resources */,
				9A4D8DD11D996FDF0023FB9F /* Icon-App-76x76@2x.png in Resources */,
				9A4D8DC41D996FDF0023FB9F /* Icon-App-20x20@2x.png in Resources */,
				9A768EE71D8D873D007964F9 /* logo.png in Resources */,
				9AD14B7C1D964C4300F76B90 /* PopUpPhotoView.xib in Resources */,
				9AD81C431D8BA149008534FA /* LaunchScreen.storyboard in Resources */,
				9A4D8DC61D996FDF0023FB9F /* Icon-App-29x29@1x.png in Resources */,
				9AA6E3E71D8F9E8D0079F6EF /* club.png in Resources */,
				9A4D8D6A1D9969150023FB9F /* haikei2.jpg in Resources */,
				9A4D8DDD1D996FDF0023FB9F /* Icon-40@2x.png in Resources */,
				9A4D8D681D9969150023FB9F /* crab2.png in Resources */,
				9A4D8DDA1D996FDF0023FB9F /* Icon-27.5@2x.png in Resources */,
				9AD81C401D8BA149008534FA /* Assets.xcassets in Resources */,
				9A4D8DB41D996FDF0023FB9F /* ic_launcher.png in Resources */,
				9A4D8DDC1D996FDF0023FB9F /* Icon-29@3x.png in Resources */,
				9A4D8D6F1D9969320023FB9F /* share2.png in Resources */,
				9A4D8D6C1D9969150023FB9F /* shutterBtn2.png in Resources */,
				9A4D8DB61D996FDF0023FB9F /* icon-messages-app-27x20@1x.png in Resources */,
				9A4D8DC81D996FDF0023FB9F /* Icon-App-29x29@3x.png in Resources */,
				9A4D8DBA1D996FDF0023FB9F /* icon-messages-app-iPadAir-74x55@2x.png in Resources */,
				9A4D8DE01D996FDF0023FB9F /* Icon-98@2x.png in Resources */,
				9AA6E3E11D8F946B0079F6EF /* LockView.xib in Resources */,
				9AD81C3E1D8BA149008534FA /* Main.storyboard in Resources */,
				9A4D8DD01D996FDF0023FB9F /* Icon-App-76x76@1x.png in Resources */,
				9A4D8D671D9969150023FB9F /* changeCamera2.png in Resources */,
				9A4D8DBF1D996FDF0023FB9F /* icon-messages-transcript-32x24@1x.png in Resources */,
				9A4D8DB21D996FDF0023FB9F /* ic_launcher.png in Resources */,
				9A4D8DCC1D996FDF0023FB9F /* Icon-App-57x57@1x.png in Resources */,
				9A4D8DCB1D996FDF0023FB9F /* Icon-App-40x40@3x.png in Resources */,
				9A4D8DD51D996FDF0023FB9F /* iTunesArtwork@2x.png in Resources */,
				9A4D8DB11D996FDF0023FB9F /* ic_launcher.png in Resources */,
				9A4D8DB81D996FDF0023FB9F /* icon-messages-app-27x20@3x.png in Resources */,
				9A4D8DB71D996FDF0023FB9F /* icon-messages-app-27x20@2x.png in Resources */,
				9A4D8DBB1D996FDF0023FB9F /* icon-messages-app-iPhone-60x45@1x.png in Resources */,
			);
			runOnlyForDeploymentPostprocessing = 0;
		};
		9AD81C471D8BA149008534FA /* Resources */ = {
			isa = PBXResourcesBuildPhase;
			buildActionMask = 2147483647;
			files = (
			);
			runOnlyForDeploymentPostprocessing = 0;
		};
		9AD81C521D8BA149008534FA /* Resources */ = {
			isa = PBXResourcesBuildPhase;
			buildActionMask = 2147483647;
			files = (
			);
			runOnlyForDeploymentPostprocessing = 0;
		};
/* End PBXResourcesBuildPhase section */

/* Begin PBXShellScriptBuildPhase section */
		0E538423C5F54941462C5851 /* Embed Pods Frameworks */ = {
			isa = PBXShellScriptBuildPhase;
			buildActionMask = 2147483647;
			files = (
			);
			inputPaths = (
			);
			name = "Embed Pods Frameworks";
			outputPaths = (
			);
			runOnlyForDeploymentPostprocessing = 0;
			shellPath = /bin/sh;
			shellScript = "\"${SRCROOT}/Pods/Target Support Files/Pods-RunningCrabCamera/Pods-RunningCrabCamera-frameworks.sh\"\n";
			showEnvVarsInLog = 0;
		};
		7C1C80873FB90AFB414EEA37 /* Check Pods Manifest.lock */ = {
			isa = PBXShellScriptBuildPhase;
			buildActionMask = 2147483647;
			files = (
			);
			inputPaths = (
			);
			name = "Check Pods Manifest.lock";
			outputPaths = (
			);
			runOnlyForDeploymentPostprocessing = 0;
			shellPath = /bin/sh;
			shellScript = "diff \"${PODS_ROOT}/../Podfile.lock\" \"${PODS_ROOT}/Manifest.lock\" > /dev/null\nif [[ $? != 0 ]] ; then\n    cat << EOM\nerror: The sandbox is not in sync with the Podfile.lock. Run 'pod install' or update your CocoaPods installation.\nEOM\n    exit 1\nfi\n";
			showEnvVarsInLog = 0;
		};
		9AC516E19C96F5F6231C4F38 /* Copy Pods Resources */ = {
			isa = PBXShellScriptBuildPhase;
			buildActionMask = 2147483647;
			files = (
			);
			inputPaths = (
			);
			name = "Copy Pods Resources";
			outputPaths = (
			);
			runOnlyForDeploymentPostprocessing = 0;
			shellPath = /bin/sh;
			shellScript = "\"${SRCROOT}/Pods/Target Support Files/Pods-RunningCrabCamera/Pods-RunningCrabCamera-resources.sh\"\n";
			showEnvVarsInLog = 0;
		};
/* End PBXShellScriptBuildPhase section */

/* Begin PBXSourcesBuildPhase section */
		9AD81C311D8BA149008534FA /* Sources */ = {
			isa = PBXSourcesBuildPhase;
			buildActionMask = 2147483647;
			files = (
				9AD14B811D965A4700F76B90 /* RealmMigration.swift in Sources */,
				9A768EE51D8D864D007964F9 /* StampViewController.swift in Sources */,
				9AD81C3B1D8BA149008534FA /* StartViewController.swift in Sources */,
				9AA6E3D91D8F90D50079F6EF /* ViewManager.swift in Sources */,
				9A768EE91D8D8A3B007964F9 /* ShareActivity.swift in Sources */,
				9AD14B771D96447C00F76B90 /* PhotoCell.swift in Sources */,
				9A4D8DD71D996FDF0023FB9F /* README.md in Sources */,
				9A768EE31D8CEDC1007964F9 /* CameraViewController.swift in Sources */,
				9AA6E3DF1D8F945E0079F6EF /* LockView.swift in Sources */,
				9AD14B7E1D96587600F76B90 /* PhotoObject.swift in Sources */,
				9AD14B841D96766E00F76B90 /* DateUtils.swift in Sources */,
				9A768EDC1D8CE946007964F9 /* Health.swift in Sources */,
				9AD81C671D8C2CBA008534FA /* Run.swift in Sources */,
				9AA6E3E51D8F9DAC0079F6EF /* StampView.swift in Sources */,
				9AD14B7A1D964C2700F76B90 /* PopUpPhotoView.swift in Sources */,
				9AD81C391D8BA149008534FA /* AppDelegate.swift in Sources */,
				9A4D8D481D991D8A0023FB9F /* ColorManager.swift in Sources */,
				9AE79E581D940FA4007E5F0B /* AlbumViewController.swift in Sources */,
			);
			runOnlyForDeploymentPostprocessing = 0;
		};
		9AD81C451D8BA149008534FA /* Sources */ = {
			isa = PBXSourcesBuildPhase;
			buildActionMask = 2147483647;
			files = (
				9AD81C4E1D8BA149008534FA /* RunningCrabCameraTests.swift in Sources */,
			);
			runOnlyForDeploymentPostprocessing = 0;
		};
		9AD81C501D8BA149008534FA /* Sources */ = {
			isa = PBXSourcesBuildPhase;
			buildActionMask = 2147483647;
			files = (
				9AD81C591D8BA149008534FA /* RunningCrabCameraUITests.swift in Sources */,
			);
			runOnlyForDeploymentPostprocessing = 0;
		};
/* End PBXSourcesBuildPhase section */

/* Begin PBXTargetDependency section */
		9AD81C4B1D8BA149008534FA /* PBXTargetDependency */ = {
			isa = PBXTargetDependency;
			target = 9AD81C341D8BA149008534FA /* RunningCrabCamera */;
			targetProxy = 9AD81C4A1D8BA149008534FA /* PBXContainerItemProxy */;
		};
		9AD81C561D8BA149008534FA /* PBXTargetDependency */ = {
			isa = PBXTargetDependency;
			target = 9AD81C341D8BA149008534FA /* RunningCrabCamera */;
			targetProxy = 9AD81C551D8BA149008534FA /* PBXContainerItemProxy */;
		};
/* End PBXTargetDependency section */

/* Begin PBXVariantGroup section */
		9AD81C3C1D8BA149008534FA /* Main.storyboard */ = {
			isa = PBXVariantGroup;
			children = (
				9AD81C3D1D8BA149008534FA /* Base */,
			);
			name = Main.storyboard;
			sourceTree = "<group>";
		};
		9AD81C411D8BA149008534FA /* LaunchScreen.storyboard */ = {
			isa = PBXVariantGroup;
			children = (
				9AD81C421D8BA149008534FA /* Base */,
			);
			name = LaunchScreen.storyboard;
			sourceTree = "<group>";
		};
/* End PBXVariantGroup section */

/* Begin XCBuildConfiguration section */
		9AD81C5B1D8BA14A008534FA /* Debug */ = {
			isa = XCBuildConfiguration;
			buildSettings = {
				ALWAYS_SEARCH_USER_PATHS = NO;
				CLANG_ANALYZER_NONNULL = YES;
				CLANG_CXX_LANGUAGE_STANDARD = "gnu++0x";
				CLANG_CXX_LIBRARY = "libc++";
				CLANG_ENABLE_MODULES = YES;
				CLANG_ENABLE_OBJC_ARC = YES;
				CLANG_WARN_BOOL_CONVERSION = YES;
				CLANG_WARN_CONSTANT_CONVERSION = YES;
				CLANG_WARN_DIRECT_OBJC_ISA_USAGE = YES_ERROR;
				CLANG_WARN_EMPTY_BODY = YES;
				CLANG_WARN_ENUM_CONVERSION = YES;
				CLANG_WARN_INT_CONVERSION = YES;
				CLANG_WARN_OBJC_ROOT_CLASS = YES_ERROR;
				CLANG_WARN_UNREACHABLE_CODE = YES;
				CLANG_WARN__DUPLICATE_METHOD_MATCH = YES;
				"CODE_SIGN_IDENTITY[sdk=iphoneos*]" = "iPhone Developer";
				COPY_PHASE_STRIP = NO;
				DEBUG_INFORMATION_FORMAT = dwarf;
				ENABLE_STRICT_OBJC_MSGSEND = YES;
				ENABLE_TESTABILITY = YES;
				GCC_C_LANGUAGE_STANDARD = gnu99;
				GCC_DYNAMIC_NO_PIC = NO;
				GCC_NO_COMMON_BLOCKS = YES;
				GCC_OPTIMIZATION_LEVEL = 0;
				GCC_PREPROCESSOR_DEFINITIONS = (
					"DEBUG=1",
					"$(inherited)",
				);
				GCC_WARN_64_TO_32_BIT_CONVERSION = YES;
				GCC_WARN_ABOUT_RETURN_TYPE = YES_ERROR;
				GCC_WARN_UNDECLARED_SELECTOR = YES;
				GCC_WARN_UNINITIALIZED_AUTOS = YES_AGGRESSIVE;
				GCC_WARN_UNUSED_FUNCTION = YES;
				GCC_WARN_UNUSED_VARIABLE = YES;
				IPHONEOS_DEPLOYMENT_TARGET = 9.3;
				MTL_ENABLE_DEBUG_INFO = YES;
				ONLY_ACTIVE_ARCH = YES;
				SDKROOT = iphoneos;
				SWIFT_OPTIMIZATION_LEVEL = "-Onone";
			};
			name = Debug;
		};
		9AD81C5C1D8BA14A008534FA /* Release */ = {
			isa = XCBuildConfiguration;
			buildSettings = {
				ALWAYS_SEARCH_USER_PATHS = NO;
				CLANG_ANALYZER_NONNULL = YES;
				CLANG_CXX_LANGUAGE_STANDARD = "gnu++0x";
				CLANG_CXX_LIBRARY = "libc++";
				CLANG_ENABLE_MODULES = YES;
				CLANG_ENABLE_OBJC_ARC = YES;
				CLANG_WARN_BOOL_CONVERSION = YES;
				CLANG_WARN_CONSTANT_CONVERSION = YES;
				CLANG_WARN_DIRECT_OBJC_ISA_USAGE = YES_ERROR;
				CLANG_WARN_EMPTY_BODY = YES;
				CLANG_WARN_ENUM_CONVERSION = YES;
				CLANG_WARN_INT_CONVERSION = YES;
				CLANG_WARN_OBJC_ROOT_CLASS = YES_ERROR;
				CLANG_WARN_UNREACHABLE_CODE = YES;
				CLANG_WARN__DUPLICATE_METHOD_MATCH = YES;
				"CODE_SIGN_IDENTITY[sdk=iphoneos*]" = "iPhone Developer";
				COPY_PHASE_STRIP = NO;
				DEBUG_INFORMATION_FORMAT = "dwarf-with-dsym";
				ENABLE_NS_ASSERTIONS = NO;
				ENABLE_STRICT_OBJC_MSGSEND = YES;
				GCC_C_LANGUAGE_STANDARD = gnu99;
				GCC_NO_COMMON_BLOCKS = YES;
				GCC_WARN_64_TO_32_BIT_CONVERSION = YES;
				GCC_WARN_ABOUT_RETURN_TYPE = YES_ERROR;
				GCC_WARN_UNDECLARED_SELECTOR = YES;
				GCC_WARN_UNINITIALIZED_AUTOS = YES_AGGRESSIVE;
				GCC_WARN_UNUSED_FUNCTION = YES;
				GCC_WARN_UNUSED_VARIABLE = YES;
				IPHONEOS_DEPLOYMENT_TARGET = 9.3;
				MTL_ENABLE_DEBUG_INFO = NO;
				SDKROOT = iphoneos;
				VALIDATE_PRODUCT = YES;
			};
			name = Release;
		};
		9AD81C5E1D8BA14A008534FA /* Debug */ = {
			isa = XCBuildConfiguration;
			baseConfigurationReference = 4343314A13456D94526BF826 /* Pods-RunningCrabCamera.debug.xcconfig */;
			buildSettings = {
				ASSETCATALOG_COMPILER_APPICON_NAME = AppIcon;
				CODE_SIGN_ENTITLEMENTS = RunningCrabCamera/RunningCrabCamera.entitlements;
				INFOPLIST_FILE = RunningCrabCamera/Info.plist;
				LD_RUNPATH_SEARCH_PATHS = "$(inherited) @executable_path/Frameworks";
				PRODUCT_BUNDLE_IDENTIFIER = rikky0611.RunningCrabCamera;
				PRODUCT_NAME = "$(TARGET_NAME)";
			};
			name = Debug;
		};
		9AD81C5F1D8BA14A008534FA /* Release */ = {
			isa = XCBuildConfiguration;
			baseConfigurationReference = 45643D17D82929A765E34431 /* Pods-RunningCrabCamera.release.xcconfig */;
			buildSettings = {
				ASSETCATALOG_COMPILER_APPICON_NAME = AppIcon;
				CODE_SIGN_ENTITLEMENTS = RunningCrabCamera/RunningCrabCamera.entitlements;
				INFOPLIST_FILE = RunningCrabCamera/Info.plist;
				LD_RUNPATH_SEARCH_PATHS = "$(inherited) @executable_path/Frameworks";
				PRODUCT_BUNDLE_IDENTIFIER = rikky0611.RunningCrabCamera;
				PRODUCT_NAME = "$(TARGET_NAME)";
			};
			name = Release;
		};
		9AD81C611D8BA14A008534FA /* Debug */ = {
			isa = XCBuildConfiguration;
			buildSettings = {
				BUNDLE_LOADER = "$(TEST_HOST)";
				INFOPLIST_FILE = RunningCrabCameraTests/Info.plist;
				LD_RUNPATH_SEARCH_PATHS = "$(inherited) @executable_path/Frameworks @loader_path/Frameworks";
				PRODUCT_BUNDLE_IDENTIFIER = rikky0611.RunningCrabCameraTests;
				PRODUCT_NAME = "$(TARGET_NAME)";
				TEST_HOST = "$(BUILT_PRODUCTS_DIR)/RunningCrabCamera.app/RunningCrabCamera";
			};
			name = Debug;
		};
		9AD81C621D8BA14A008534FA /* Release */ = {
			isa = XCBuildConfiguration;
			buildSettings = {
				BUNDLE_LOADER = "$(TEST_HOST)";
				INFOPLIST_FILE = RunningCrabCameraTests/Info.plist;
				LD_RUNPATH_SEARCH_PATHS = "$(inherited) @executable_path/Frameworks @loader_path/Frameworks";
				PRODUCT_BUNDLE_IDENTIFIER = rikky0611.RunningCrabCameraTests;
				PRODUCT_NAME = "$(TARGET_NAME)";
				TEST_HOST = "$(BUILT_PRODUCTS_DIR)/RunningCrabCamera.app/RunningCrabCamera";
			};
			name = Release;
		};
		9AD81C641D8BA14A008534FA /* Debug */ = {
			isa = XCBuildConfiguration;
			buildSettings = {
				INFOPLIST_FILE = RunningCrabCameraUITests/Info.plist;
				LD_RUNPATH_SEARCH_PATHS = "$(inherited) @executable_path/Frameworks @loader_path/Frameworks";
				PRODUCT_BUNDLE_IDENTIFIER = rikky0611.RunningCrabCameraUITests;
				PRODUCT_NAME = "$(TARGET_NAME)";
				TEST_TARGET_NAME = RunningCrabCamera;
			};
			name = Debug;
		};
		9AD81C651D8BA14A008534FA /* Release */ = {
			isa = XCBuildConfiguration;
			buildSettings = {
				INFOPLIST_FILE = RunningCrabCameraUITests/Info.plist;
				LD_RUNPATH_SEARCH_PATHS = "$(inherited) @executable_path/Frameworks @loader_path/Frameworks";
				PRODUCT_BUNDLE_IDENTIFIER = rikky0611.RunningCrabCameraUITests;
				PRODUCT_NAME = "$(TARGET_NAME)";
				TEST_TARGET_NAME = RunningCrabCamera;
			};
			name = Release;
		};
/* End XCBuildConfiguration section */

/* Begin XCConfigurationList section */
		9AD81C301D8BA149008534FA /* Build configuration list for PBXProject "RunningCrabCamera" */ = {
			isa = XCConfigurationList;
			buildConfigurations = (
				9AD81C5B1D8BA14A008534FA /* Debug */,
				9AD81C5C1D8BA14A008534FA /* Release */,
			);
			defaultConfigurationIsVisible = 0;
			defaultConfigurationName = Release;
		};
		9AD81C5D1D8BA14A008534FA /* Build configuration list for PBXNativeTarget "RunningCrabCamera" */ = {
			isa = XCConfigurationList;
			buildConfigurations = (
				9AD81C5E1D8BA14A008534FA /* Debug */,
				9AD81C5F1D8BA14A008534FA /* Release */,
			);
			defaultConfigurationIsVisible = 0;
			defaultConfigurationName = Release;
		};
		9AD81C601D8BA14A008534FA /* Build configuration list for PBXNativeTarget "RunningCrabCameraTests" */ = {
			isa = XCConfigurationList;
			buildConfigurations = (
				9AD81C611D8BA14A008534FA /* Debug */,
				9AD81C621D8BA14A008534FA /* Release */,
			);
			defaultConfigurationIsVisible = 0;
			defaultConfigurationName = Release;
		};
		9AD81C631D8BA14A008534FA /* Build configuration list for PBXNativeTarget "RunningCrabCameraUITests" */ = {
			isa = XCConfigurationList;
			buildConfigurations = (
				9AD81C641D8BA14A008534FA /* Debug */,
				9AD81C651D8BA14A008534FA /* Release */,
			);
			defaultConfigurationIsVisible = 0;
			defaultConfigurationName = Release;
		};
/* End XCConfigurationList section */
	};
	rootObject = 9AD81C2D1D8BA149008534FA /* Project object */;
}
